{
    "requires": true,
    "lockfileVersion": 1,
    "dependencies": {
        "laravel-echo": {
            "version": "1.6.1",
            "resolved": "https://registry.npmjs.org/laravel-echo/-/laravel-echo-1.6.1.tgz",
            "integrity": "sha512-Nj+vg6IwnXh65Oe+HrIrjOFX5xwR1ln9YgdxPWzuYNOuvT4ZimhkmIe5jb7D3muBPVRUoOY9W4c6YgJ4L0L6+Q=="
        },
        "vue-yandex-maps": {
            "version": "0.10.6",
            "resolved": "https://registry.npmjs.org/vue-yandex-maps/-/vue-yandex-maps-0.10.6.tgz",
            "integrity": "sha512-vXOBvNw0kEFMDAd/EgRYD3ac34tI9L2ejN8LDSiMhj7ypGcdR1z99lYFM3WA3+qbDi2bFD5hmit7HOTxFcTqcg=="
        }
    }
}
